
Microsoft Visual Studio Solution File, Format Version 12.00
# Visual Studio Version 16
VisualStudioVersion = 16.0.30204.135
MinimumVisualStudioVersion = 10.0.40219.1
Project("{9A19103F-16F7-4668-BE54-9A1E7A4F7556}") = "StaticExerciseConsoleUI", "StaticTempConsoleUI\StaticExerciseConsoleUI.csproj", "{04E07DF3-A1A6-4533-A257-ED4957CFBFD3}"
EndProject
Global
	GlobalSection(SolutionConfigurationPlatforms) = preSolution
		Debug|Any CPU = Debug|Any CPU
		Release|Any CPU = Release|Any CPU
	EndGlobalSection
	GlobalSection(ProjectConfigurationPlatforms) = postSolution
		{04E07DF3-A1A6-4533-A257-ED4957CFBFD3}.Debug|Any CPU.ActiveCfg = Debug|Any CPU
		{04E07DF3-A1A6-4533-A257-ED4957CFBFD3}.Debug|Any CPU.Build.0 = Debug|Any CPU
		{04E07DF3-A1A6-4533-A257-ED4957CFBFD3}.Release|Any CPU.ActiveCfg = Release|Any CPU
		{04E07DF3-A1A6-4533-A257-ED4957CFBFD3}.Release|Any CPU.Build.0 = Release|Any CPU
	EndGlobalSection
	GlobalSection(SolutionProperties) = preSolution
		HideSolutionNode = FALSE
	EndGlobalSection
	GlobalSection(ExtensibilityGlobals) = postSolution
		SolutionGuid = {C76B576A-433A-4940-9B72-CF6960F35693}
	EndGlobalSection
EndGlobal
